
Microsoft Visual Studio Solution File, Format Version 12.00
# Visual Studio Version 16
VisualStudioVersion = 16.0.30309.148
MinimumVisualStudioVersion = 10.0.40219.1
Project("{FAE04EC0-301F-11D3-BF4B-00C04F79EFBC}") = "HS2StudioGet", "HS2StudioGet\HS2StudioGet.csproj", "{64BFDD92-DCE6-433E-A1BA-388CE8F2B9BF}"
EndProject
Global
	GlobalSection(SolutionConfigurationPlatforms) = preSolution
		Debug|Any CPU = Debug|Any CPU
		Release|Any CPU = Release|Any CPU
	EndGlobalSection
	GlobalSection(ProjectConfigurationPlatforms) = postSolution
		{64BFDD92-DCE6-433E-A1BA-388CE8F2B9BF}.Debug|Any CPU.ActiveCfg = Debug|Any CPU
		{64BFDD92-DCE6-433E-A1BA-388CE8F2B9BF}.Debug|Any CPU.Build.0 = Debug|Any CPU
		{64BFDD92-DCE6-433E-A1BA-388CE8F2B9BF}.Release|Any CPU.ActiveCfg = Release|Any CPU
		{64BFDD92-DCE6-433E-A1BA-388CE8F2B9BF}.Release|Any CPU.Build.0 = Release|Any CPU
	EndGlobalSection
	GlobalSection(SolutionProperties) = preSolution
		HideSolutionNode = FALSE
	EndGlobalSection
	GlobalSection(ExtensibilityGlobals) = postSolution
		SolutionGuid = {C5F62A8A-FDC0-43EE-A25D-21855E3977D7}
	EndGlobalSection
EndGlobal
